github.com/HeesangJin/dog v0.0.0-20250420074735-0a430b620e92 h1:RvzkHsMUjQGNC2n4gcKRJFm1IfZz788+COyEZaEmRZs=
github.com/HeesangJin/dog v0.0.0-20250420074735-0a430b620e92/go.mod h1:hC1J3gJuy4TjrxDiq2+/MhPPEtQK4NoqY+2X96V9UJo=
github.com/HeesangJin/puppy v0.0.0-20250420073345-11aea84685d4 h1:e+VsoRZ5nLfUzVqpytGLcsMMb9drjyIPI7OwqLoZwJg=
github.com/HeesangJin/puppy v0.0.0-20250420073345-11aea84685d4/go.mod h1:KuTw9PNNRr5M3dwNTOw6cCg6j9yWB5TJLvuUI93ARQc=
github.com/HeesangJin/puppy v0.0.0-20250420075029-f94ae6c2420e h1:rq6U3cliDkwO+cBojLy4tExBdbK5M88+SW7XM2TyblQ=
github.com/HeesangJin/puppy v0.0.0-20250420075029-f94ae6c2420e/go.mod h1:XOw6Kqg/KYDxwPwT4yN+pkwtxm4baz/zAyjYNDu3hO0=
